{
  "name": "vice",
  "version": "1.0.1-SNAPSHOT",
  "lockfileVersion": 3,
  "requires": true,
  "packages": {
    "": {
      "name": "vice",
      "version": "1.0.1-SNAPSHOT",
      "workspaces": [
        "packages/vice-vice-core",
        "packages/vice-vice-core-test",
        "packages/vice-vice-nav",
        "packages/vice-vice-nav-test",
        "packages/vice-vice-nav-material3",
        "packages/vice-vice-nav-material3-test",
        "packages/vice-vice-portal",
        "packages/vice-vice-portal-test",
        "packages/vice-vice-sources",
        "packages/vice-vice-sources-test",
        "packages/vice-samples-shared",
        "packages/vice-samples-shared-test",
        "packages/vice-samples-nav-shared",
        "packages/vice-samples-nav-shared-test",
        "packages/nav-sample-wasm",
        "packages/nav-sample-wasm-test",
        "packages_imported/skiko-wasm-js/0.9.4-2",
        "packages_imported/skiko-js-wasm-runtime/0.9.4-2",
        "packages_imported/Kotlin-DateTime-library-kotlinx-datetime-wasm-js/0.6.0",
        "packages_imported/portal-compose-wasm-js/0.9.31"
      ],
      "devDependencies": {}
    },
    "node_modules/@js-joda/core": {
      "version": "3.2.0",
      "resolved": "https://registry.npmjs.org/@js-joda/core/-/core-3.2.0.tgz",
      "integrity": "sha512-PMqgJ0sw5B7FKb2d5bWYIoxjri+QlW/Pys7+Rw82jSH0QN3rB05jZ/VrrsUdh1w4+i2kw9JOejXGq/KhDOX7Kg=="
    },
    "node_modules/format-util": {
      "version": "1.0.5",
      "resolved": "https://registry.npmjs.org/format-util/-/format-util-1.0.5.tgz",
      "integrity": "sha512-varLbTj0e0yVyRpqQhuWV+8hlePAgaoFRhNFj50BNjEIrw1/DphHSObtqwskVCPWNgzwPoQrZAbfa/SBiicNeg=="
    },
    "node_modules/Kotlin-DateTime-library-kotlinx-datetime-wasm-js": {
      "resolved": "packages_imported/Kotlin-DateTime-library-kotlinx-datetime-wasm-js/0.6.0",
      "link": true
    },
    "node_modules/nav-sample-wasm": {
      "resolved": "packages/nav-sample-wasm",
      "link": true
    },
    "node_modules/nav-sample-wasm-test": {
      "resolved": "packages/nav-sample-wasm-test",
      "link": true
    },
    "node_modules/portal-compose-wasm-js": {
      "resolved": "packages_imported/portal-compose-wasm-js/0.9.31",
      "link": true
    },
    "node_modules/skiko-js-wasm-runtime": {
      "resolved": "packages_imported/skiko-js-wasm-runtime/0.9.4-2",
      "link": true
    },
    "node_modules/skiko-wasm-js": {
      "resolved": "packages_imported/skiko-wasm-js/0.9.4-2",
      "link": true
    },
    "node_modules/vice-samples-nav-shared": {
      "resolved": "packages/vice-samples-nav-shared",
      "link": true
    },
    "node_modules/vice-samples-nav-shared-test": {
      "resolved": "packages/vice-samples-nav-shared-test",
      "link": true
    },
    "node_modules/vice-samples-shared": {
      "resolved": "packages/vice-samples-shared",
      "link": true
    },
    "node_modules/vice-samples-shared-test": {
      "resolved": "packages/vice-samples-shared-test",
      "link": true
    },
    "node_modules/vice-vice-core": {
      "resolved": "packages/vice-vice-core",
      "link": true
    },
    "node_modules/vice-vice-core-test": {
      "resolved": "packages/vice-vice-core-test",
      "link": true
    },
    "node_modules/vice-vice-nav": {
      "resolved": "packages/vice-vice-nav",
      "link": true
    },
    "node_modules/vice-vice-nav-material3": {
      "resolved": "packages/vice-vice-nav-material3",
      "link": true
    },
    "node_modules/vice-vice-nav-material3-test": {
      "resolved": "packages/vice-vice-nav-material3-test",
      "link": true
    },
    "node_modules/vice-vice-nav-test": {
      "resolved": "packages/vice-vice-nav-test",
      "link": true
    },
    "node_modules/vice-vice-portal": {
      "resolved": "packages/vice-vice-portal",
      "link": true
    },
    "node_modules/vice-vice-portal-test": {
      "resolved": "packages/vice-vice-portal-test",
      "link": true
    },
    "node_modules/vice-vice-sources": {
      "resolved": "packages/vice-vice-sources",
      "link": true
    },
    "node_modules/vice-vice-sources-test": {
      "resolved": "packages/vice-vice-sources-test",
      "link": true
    },
    "packages_imported/Kotlin-DateTime-library-kotlinx-datetime-wasm-js/0.6.0": {
      "name": "Kotlin-DateTime-library-kotlinx-datetime-wasm-js",
      "version": "0.6.0",
      "dependencies": {
        "@js-joda/core": "3.2.0",
        "format-util": "^1.0.5"
      },
      "devDependencies": {}
    },
    "packages_imported/portal-compose-wasm-js/0.9.31": {
      "name": "portal-compose-wasm-js",
      "version": "0.9.31",
      "devDependencies": {}
    },
    "packages_imported/skiko-js-wasm-runtime/0.9.22": {
      "name": "skiko-js-wasm-runtime",
      "version": "0.9.22",
      "extraneous": true,
      "devDependencies": {}
    },
    "packages_imported/skiko-js-wasm-runtime/0.9.4-2": {
      "name": "skiko-js-wasm-runtime",
      "version": "0.9.4-2",
      "devDependencies": {}
    },
    "packages_imported/skiko-wasm-js/0.9.22": {
      "name": "skiko-wasm-js",
      "version": "0.9.22",
      "extraneous": true,
      "devDependencies": {}
    },
    "packages_imported/skiko-wasm-js/0.9.4-2": {
      "name": "skiko-wasm-js",
      "version": "0.9.4-2",
      "devDependencies": {}
    },
    "packages/nav-sample-wasm": {
      "version": "1.0.1-SNAPSHOT",
      "dependencies": {
        "@js-joda/core": "3.2.0",
        "format-util": "^1.0.5"
      },
      "devDependencies": {}
    },
    "packages/nav-sample-wasm-test": {
      "version": "1.0.1-SNAPSHOT",
      "dependencies": {
        "@js-joda/core": "3.2.0",
        "format-util": "^1.0.5"
      },
      "devDependencies": {}
    },
    "packages/vice-samples-nav-shared": {
      "version": "1.0.1-SNAPSHOT",
      "dependencies": {
        "@js-joda/core": "3.2.0",
        "format-util": "^1.0.5"
      },
      "devDependencies": {}
    },
    "packages/vice-samples-nav-shared-test": {
      "version": "1.0.1-SNAPSHOT",
      "dependencies": {
        "@js-joda/core": "3.2.0",
        "format-util": "^1.0.5"
      },
      "devDependencies": {}
    },
    "packages/vice-samples-shared": {
      "version": "1.0.1-SNAPSHOT",
      "dependencies": {
        "@js-joda/core": "3.2.0",
        "format-util": "^1.0.5"
      },
      "devDependencies": {}
    },
    "packages/vice-samples-shared-test": {
      "version": "1.0.1-SNAPSHOT",
      "dependencies": {
        "@js-joda/core": "3.2.0",
        "format-util": "^1.0.5"
      },
      "devDependencies": {}
    },
    "packages/vice-vice-core": {
      "version": "1.0.1-SNAPSHOT",
      "devDependencies": {}
    },
    "packages/vice-vice-core-test": {
      "version": "1.0.1-SNAPSHOT",
      "devDependencies": {}
    },
    "packages/vice-vice-nav": {
      "version": "1.0.1-SNAPSHOT",
      "devDependencies": {}
    },
    "packages/vice-vice-nav-material3": {
      "version": "1.0.1-SNAPSHOT",
      "dependencies": {
        "@js-joda/core": "3.2.0",
        "format-util": "^1.0.5"
      },
      "devDependencies": {}
    },
    "packages/vice-vice-nav-material3-test": {
      "version": "1.0.1-SNAPSHOT",
      "dependencies": {
        "@js-joda/core": "3.2.0",
        "format-util": "^1.0.5"
      },
      "devDependencies": {}
    },
    "packages/vice-vice-nav-test": {
      "version": "1.0.1-SNAPSHOT",
      "devDependencies": {}
    },
    "packages/vice-vice-portal": {
      "version": "1.0.1-SNAPSHOT",
      "devDependencies": {}
    },
    "packages/vice-vice-portal-test": {
      "version": "1.0.1-SNAPSHOT",
      "devDependencies": {}
    },
    "packages/vice-vice-sources": {
      "version": "1.0.1-SNAPSHOT",
      "devDependencies": {}
    },
    "packages/vice-vice-sources-test": {
      "version": "1.0.1-SNAPSHOT",
      "devDependencies": {}
    }
  }
}
